// !$*UTF8*$!
{
	archiveVersion = 1;
	classes = {
	};
	objectVersion = 77;
	objects = {

/* Begin PBXContainerItemProxy section */
		B358C5AE2DDBB4B30006FF1C /* PBXContainerItemProxy */ = {
			isa = PBXContainerItemProxy;
			containerPortal = B358C5982DDBB4B20006FF1C /* Project object */;
			proxyType = 1;
			remoteGlobalIDString = B358C59F2DDBB4B20006FF1C;
			remoteInfo = Beanify;
		};
		B358C5B82DDBB4B30006FF1C /* PBXContainerItemProxy */ = {
			isa = PBXContainerItemProxy;
			containerPortal = B358C5982DDBB4B20006FF1C /* Project object */;
			proxyType = 1;
			remoteGlobalIDString = B358C59F2DDBB4B20006FF1C;
			remoteInfo = Beanify;
		};
/* End PBXContainerItemProxy section */

/* Begin PBXCopyFilesBuildPhase section */
		B34DB2102DDFA4C8004FB589 /* Embed Frameworks */ = {
			isa = PBXCopyFilesBuildPhase;
			buildActionMask = 2147483647;
			dstPath = "";
			dstSubfolderSpec = 10;
			files = (
			);
			name = "Embed Frameworks";
			runOnlyForDeploymentPostprocessing = 0;
		};
/* End PBXCopyFilesBuildPhase section */

/* Begin PBXFileReference section */
		B358C5A02DDBB4B20006FF1C /* Beanify.app */ = {isa = PBXFileReference; explicitFileType = wrapper.application; includeInIndex = 0; path = Beanify.app; sourceTree = BUILT_PRODUCTS_DIR; };
		B358C5AD2DDBB4B30006FF1C /* BeanifyTests.xctest */ = {isa = PBXFileReference; explicitFileType = wrapper.cfbundle; includeInIndex = 0; path = BeanifyTests.xctest; sourceTree = BUILT_PRODUCTS_DIR; };
		B358C5B72DDBB4B30006FF1C /* BeanifyUITests.xctest */ = {isa = PBXFileReference; explicitFileType = wrapper.cfbundle; includeInIndex = 0; path = BeanifyUITests.xctest; sourceTree = BUILT_PRODUCTS_DIR; };
/* End PBXFileReference section */

/* Begin PBXFileSystemSynchronizedBuildFileExceptionSet section */
		B34DB21C2DDFA54A004FB589 /* Exceptions for "Frameworks" folder in "Beanify" target */ = {
			isa = PBXFileSystemSynchronizedBuildFileExceptionSet;
			membershipExceptions = (
				SpotifyiOS.xcframework,
			);
			target = B358C59F2DDBB4B20006FF1C /* Beanify */;
		};
		B34DB21E2DDFA54A004FB589 /* Exceptions for "Frameworks" folder in "BeanifyUITests" target */ = {
			isa = PBXFileSystemSynchronizedBuildFileExceptionSet;
			membershipExceptions = (
				SpotifyiOS.xcframework,
			);
			target = B358C5B62DDBB4B30006FF1C /* BeanifyUITests */;
		};
		B34DB2202DDFA7B5004FB589 /* Exceptions for "Beanify" folder in "Beanify" target */ = {
			isa = PBXFileSystemSynchronizedBuildFileExceptionSet;
			membershipExceptions = (
				Info.plist,
			);
			target = B358C59F2DDBB4B20006FF1C /* Beanify */;
		};
/* End PBXFileSystemSynchronizedBuildFileExceptionSet section */

/* Begin PBXFileSystemSynchronizedGroupBuildPhaseMembershipExceptionSet section */
		B34DB21D2DDFA54A004FB589 /* Exceptions for "Frameworks" folder in "Embed Frameworks" phase from "Beanify" target */ = {
			isa = PBXFileSystemSynchronizedGroupBuildPhaseMembershipExceptionSet;
			attributesByRelativePath = {
				SpotifyiOS.xcframework = (CodeSignOnCopy, RemoveHeadersOnCopy, );
			};
			buildPhase = B34DB2102DDFA4C8004FB589 /* Embed Frameworks */;
			membershipExceptions = (
				SpotifyiOS.xcframework,
			);
		};
/* End PBXFileSystemSynchronizedGroupBuildPhaseMembershipExceptionSet section */

/* Begin PBXFileSystemSynchronizedRootGroup section */
		B34DB2192DDFA54A004FB589 /* Frameworks */ = {
			isa = PBXFileSystemSynchronizedRootGroup;
			exceptions = (
				B34DB21C2DDFA54A004FB589 /* Exceptions for "Frameworks" folder in "Beanify" target */,
				B34DB21D2DDFA54A004FB589 /* Exceptions for "Frameworks" folder in "Embed Frameworks" phase from "Beanify" target */,
				B34DB21E2DDFA54A004FB589 /* Exceptions for "Frameworks" folder in "BeanifyUITests" target */,
			);
			path = Frameworks;
			sourceTree = "<group>";
		};
		B358C5A22DDBB4B20006FF1C /* Beanify */ = {
			isa = PBXFileSystemSynchronizedRootGroup;
			exceptions = (
				B34DB2202DDFA7B5004FB589 /* Exceptions for "Beanify" folder in "Beanify" target */,
			);
			path = Beanify;
			sourceTree = "<group>";
		};
		B358C5B02DDBB4B30006FF1C /* BeanifyTests */ = {
			isa = PBXFileSystemSynchronizedRootGroup;
			path = BeanifyTests;
			sourceTree = "<group>";
		};
		B358C5BA2DDBB4B30006FF1C /* BeanifyUITests */ = {
			isa = PBXFileSystemSynchronizedRootGroup;
			path = BeanifyUITests;
			sourceTree = "<group>";
		};
/* End PBXFileSystemSynchronizedRootGroup section */

/* Begin PBXFrameworksBuildPhase section */
		B358C59D2DDBB4B20006FF1C /* Frameworks */ = {
			isa = PBXFrameworksBuildPhase;
			buildActionMask = 2147483647;
			files = (
			);
			runOnlyForDeploymentPostprocessing = 0;
		};
		B358C5AA2DDBB4B30006FF1C /* Frameworks */ = {
			isa = PBXFrameworksBuildPhase;
			buildActionMask = 2147483647;
			files = (
			);
			runOnlyForDeploymentPostprocessing = 0;
		};
		B358C5B42DDBB4B30006FF1C /* Frameworks */ = {
			isa = PBXFrameworksBuildPhase;
			buildActionMask = 2147483647;
			files = (
			);
			runOnlyForDeploymentPostprocessing = 0;
		};
/* End PBXFrameworksBuildPhase section */

/* Begin PBXGroup section */
		B358C5972DDBB4B20006FF1C = {
			isa = PBXGroup;
			children = (
				B358C5A22DDBB4B20006FF1C /* Beanify */,
				B358C5B02DDBB4B30006FF1C /* BeanifyTests */,
				B358C5BA2DDBB4B30006FF1C /* BeanifyUITests */,
				B358C5A12DDBB4B20006FF1C /* Products */,
				B34DB2192DDFA54A004FB589 /* Frameworks */,
			);
			sourceTree = "<group>";
		};
		B358C5A12DDBB4B20006FF1C /* Products */ = {
			isa = PBXGroup;
			children = (
				B358C5A02DDBB4B20006FF1C /* Beanify.app */,
				B358C5AD2DDBB4B30006FF1C /* BeanifyTests.xctest */,
				B358C5B72DDBB4B30006FF1C /* BeanifyUITests.xctest */,
			);
			name = Products;
			sourceTree = "<group>";
		};
/* End PBXGroup section */

/* Begin PBXNativeTarget section */
		B358C59F2DDBB4B20006FF1C /* Beanify */ = {
			isa = PBXNativeTarget;
			buildConfigurationList = B358C5C12DDBB4B30006FF1C /* Build configuration list for PBXNativeTarget "Beanify" */;
			buildPhases = (
				B358C59C2DDBB4B20006FF1C /* Sources */,
				B358C59D2DDBB4B20006FF1C /* Frameworks */,
				B358C59E2DDBB4B20006FF1C /* Resources */,
				B34DB2102DDFA4C8004FB589 /* Embed Frameworks */,
			);
			buildRules = (
			);
			dependencies = (
			);
			fileSystemSynchronizedGroups = (
				B358C5A22DDBB4B20006FF1C /* Beanify */,
			);
			name = Beanify;
			packageProductDependencies = (
			);
			productName = Beanify;
			productReference = B358C5A02DDBB4B20006FF1C /* Beanify.app */;
			productType = "com.apple.product-type.application";
		};
		B358C5AC2DDBB4B30006FF1C /* BeanifyTests */ = {
			isa = PBXNativeTarget;
			buildConfigurationList = B358C5C42DDBB4B30006FF1C /* Build configuration list for PBXNativeTarget "BeanifyTests" */;
			buildPhases = (
				B358C5A92DDBB4B30006FF1C /* Sources */,
				B358C5AA2DDBB4B30006FF1C /* Frameworks */,
				B358C5AB2DDBB4B30006FF1C /* Resources */,
			);
			buildRules = (
			);
			dependencies = (
				B358C5AF2DDBB4B30006FF1C /* PBXTargetDependency */,
			);
			fileSystemSynchronizedGroups = (
				B358C5B02DDBB4B30006FF1C /* BeanifyTests */,
			);
			name = BeanifyTests;
			packageProductDependencies = (
			);
			productName = BeanifyTests;
			productReference = B358C5AD2DDBB4B30006FF1C /* BeanifyTests.xctest */;
			productType = "com.apple.product-type.bundle.unit-test";
		};
		B358C5B62DDBB4B30006FF1C /* BeanifyUITests */ = {
			isa = PBXNativeTarget;
			buildConfigurationList = B358C5C72DDBB4B30006FF1C /* Build configuration list for PBXNativeTarget "BeanifyUITests" */;
			buildPhases = (
				B358C5B32DDBB4B30006FF1C /* Sources */,
				B358C5B42DDBB4B30006FF1C /* Frameworks */,
				B358C5B52DDBB4B30006FF1C /* Resources */,
			);
			buildRules = (
			);
			dependencies = (
				B358C5B92DDBB4B30006FF1C /* PBXTargetDependency */,
			);
			fileSystemSynchronizedGroups = (
				B34DB2192DDFA54A004FB589 /* Frameworks */,
				B358C5BA2DDBB4B30006FF1C /* BeanifyUITests */,
			);
			name = BeanifyUITests;
			packageProductDependencies = (
			);
			productName = BeanifyUITests;
			productReference = B358C5B72DDBB4B30006FF1C /* BeanifyUITests.xctest */;
			productType = "com.apple.product-type.bundle.ui-testing";
		};
/* End PBXNativeTarget section */

/* Begin PBXProject section */
		B358C5982DDBB4B20006FF1C /* Project object */ = {
			isa = PBXProject;
			attributes = {
				BuildIndependentTargetsInParallel = 1;
				LastSwiftUpdateCheck = 1630;
				LastUpgradeCheck = 1630;
				TargetAttributes = {
					B358C59F2DDBB4B20006FF1C = {
						CreatedOnToolsVersion = 16.3;
					};
					B358C5AC2DDBB4B30006FF1C = {
						CreatedOnToolsVersion = 16.3;
						TestTargetID = B358C59F2DDBB4B20006FF1C;
					};
					B358C5B62DDBB4B30006FF1C = {
						CreatedOnToolsVersion = 16.3;
						TestTargetID = B358C59F2DDBB4B20006FF1C;
					};
				};
			};
			buildConfigurationList = B358C59B2DDBB4B20006FF1C /* Build configuration list for PBXProject "Beanify" */;
			developmentRegion = en;
			hasScannedForEncodings = 0;
			knownRegions = (
				en,
				Base,
			);
			mainGroup = B358C5972DDBB4B20006FF1C;
			minimizedProjectReferenceProxies = 1;
			preferredProjectObjectVersion = 77;
			productRefGroup = B358C5A12DDBB4B20006FF1C /* Products */;
			projectDirPath = "";
			projectRoot = "";
			targets = (
				B358C59F2DDBB4B20006FF1C /* Beanify */,
				B358C5AC2DDBB4B30006FF1C /* BeanifyTests */,
				B358C5B62DDBB4B30006FF1C /* BeanifyUITests */,
			);
		};
/* End PBXProject section */

/* Begin PBXResourcesBuildPhase section */
		B358C59E2DDBB4B20006FF1C /* Resources */ = {
			isa = PBXResourcesBuildPhase;
			buildActionMask = 2147483647;
			files = (
			);
			runOnlyForDeploymentPostprocessing = 0;
		};
		B358C5AB2DDBB4B30006FF1C /* Resources */ = {
			isa = PBXResourcesBuildPhase;
			buildActionMask = 2147483647;
			files = (
			);
			runOnlyForDeploymentPostprocessing = 0;
		};
		B358C5B52DDBB4B30006FF1C /* Resources */ = {
			isa = PBXResourcesBuildPhase;
			buildActionMask = 2147483647;
			files = (
			);
			runOnlyForDeploymentPostprocessing = 0;
		};
/* End PBXResourcesBuildPhase section */

/* Begin PBXSourcesBuildPhase section */
		B358C59C2DDBB4B20006FF1C /* Sources */ = {
			isa = PBXSourcesBuildPhase;
			buildActionMask = 2147483647;
			files = (
			);
			runOnlyForDeploymentPostprocessing = 0;
		};
		B358C5A92DDBB4B30006FF1C /* Sources */ = {
			isa = PBXSourcesBuildPhase;
			buildActionMask = 2147483647;
			files = (
			);
			runOnlyForDeploymentPostprocessing = 0;
		};
		B358C5B32DDBB4B30006FF1C /* Sources */ = {
			isa = PBXSourcesBuildPhase;
			buildActionMask = 2147483647;
			files = (
			);
			runOnlyForDeploymentPostprocessing = 0;
		};
/* End PBXSourcesBuildPhase section */

/* Begin PBXTargetDependency section */
		B358C5AF2DDBB4B30006FF1C /* PBXTargetDependency */ = {
			isa = PBXTargetDependency;
			target = B358C59F2DDBB4B20006FF1C /* Beanify */;
			targetProxy = B358C5AE2DDBB4B30006FF1C /* PBXContainerItemProxy */;
		};
		B358C5B92DDBB4B30006FF1C /* PBXTargetDependency */ = {
			isa = PBXTargetDependency;
			target = B358C59F2DDBB4B20006FF1C /* Beanify */;
			targetProxy = B358C5B82DDBB4B30006FF1C /* PBXContainerItemProxy */;
		};
/* End PBXTargetDependency section */

/* Begin XCBuildConfiguration section */
		B358C5BF2DDBB4B30006FF1C /* Debug */ = {
			isa = XCBuildConfiguration;
			buildSettings = {
				ALWAYS_SEARCH_USER_PATHS = NO;
				ASSETCATALOG_COMPILER_GENERATE_SWIFT_ASSET_SYMBOL_EXTENSIONS = YES;
				CLANG_ANALYZER_NONNULL = YES;
				CLANG_ANALYZER_NUMBER_OBJECT_CONVERSION = YES_AGGRESSIVE;
				CLANG_CXX_LANGUAGE_STANDARD = "gnu++20";
				CLANG_ENABLE_MODULES = YES;
				CLANG_ENABLE_OBJC_ARC = YES;
				CLANG_ENABLE_OBJC_WEAK = YES;
				CLANG_WARN_BLOCK_CAPTURE_AUTORELEASING = YES;
				CLANG_WARN_BOOL_CONVERSION = YES;
				CLANG_WARN_COMMA = YES;
				CLANG_WARN_CONSTANT_CONVERSION = YES;
				CLANG_WARN_DEPRECATED_OBJC_IMPLEMENTATIONS = YES;
				CLANG_WARN_DIRECT_OBJC_ISA_USAGE = YES_ERROR;
				CLANG_WARN_DOCUMENTATION_COMMENTS = YES;
				CLANG_WARN_EMPTY_BODY = YES;
				CLANG_WARN_ENUM_CONVERSION = YES;
				CLANG_WARN_INFINITE_RECURSION = YES;
				CLANG_WARN_INT_CONVERSION = YES;
				CLANG_WARN_NON_LITERAL_NULL_CONVERSION = YES;
				CLANG_WARN_OBJC_IMPLICIT_RETAIN_SELF = YES;
				CLANG_WARN_OBJC_LITERAL_CONVERSION = YES;
				CLANG_WARN_OBJC_ROOT_CLASS = YES_ERROR;
				CLANG_WARN_QUOTED_INCLUDE_IN_FRAMEWORK_HEADER = YES;
				CLANG_WARN_RANGE_LOOP_ANALYSIS = YES;
				CLANG_WARN_STRICT_PROTOTYPES = YES;
				CLANG_WARN_SUSPICIOUS_MOVE = YES;
				CLANG_WARN_UNGUARDED_AVAILABILITY = YES_AGGRESSIVE;
				CLANG_WARN_UNREACHABLE_CODE = YES;
				CLANG_WARN__DUPLICATE_METHOD_MATCH = YES;
				COPY_PHASE_STRIP = NO;
				DEBUG_INFORMATION_FORMAT = dwarf;
				DEVELOPMENT_TEAM = B3375X82KK;
				ENABLE_STRICT_OBJC_MSGSEND = YES;
				ENABLE_TESTABILITY = YES;
				ENABLE_USER_SCRIPT_SANDBOXING = YES;
				GCC_C_LANGUAGE_STANDARD = gnu17;
				GCC_DYNAMIC_NO_PIC = NO;
				GCC_NO_COMMON_BLOCKS = YES;
				GCC_OPTIMIZATION_LEVEL = 0;
				GCC_PREPROCESSOR_DEFINITIONS = (
					"DEBUG=1",
					"$(inherited)",
				);
				GCC_WARN_64_TO_32_BIT_CONVERSION = YES;
				GCC_WARN_ABOUT_RETURN_TYPE = YES_ERROR;
				GCC_WARN_UNDECLARED_SELECTOR = YES;
				GCC_WARN_UNINITIALIZED_AUTOS = YES_AGGRESSIVE;
				GCC_WARN_UNUSED_FUNCTION = YES;
				GCC_WARN_UNUSED_VARIABLE = YES;
				IPHONEOS_DEPLOYMENT_TARGET = 18.4;
				LOCALIZATION_PREFERS_STRING_CATALOGS = YES;
				MTL_ENABLE_DEBUG_INFO = INCLUDE_SOURCE;
				MTL_FAST_MATH = YES;
				ONLY_ACTIVE_ARCH = YES;
				SDKROOT = iphoneos;
				SWIFT_ACTIVE_COMPILATION_CONDITIONS = "DEBUG $(inherited)";
				SWIFT_OPTIMIZATION_LEVEL = "-Onone";
			};
			name = Debug;
		};
		B358C5C02DDBB4B30006FF1C /* Release */ = {
			isa = XCBuildConfiguration;
			buildSettings = {
				ALWAYS_SEARCH_USER_PATHS = NO;
				ASSETCATALOG_COMPILER_GENERATE_SWIFT_ASSET_SYMBOL_EXTENSIONS = YES;
				CLANG_ANALYZER_NONNULL = YES;
				CLANG_ANALYZER_NUMBER_OBJECT_CONVERSION = YES_AGGRESSIVE;
				CLANG_CXX_LANGUAGE_STANDARD = "gnu++20";
				CLANG_ENABLE_MODULES = YES;
				CLANG_ENABLE_OBJC_ARC = YES;
				CLANG_ENABLE_OBJC_WEAK = YES;
				CLANG_WARN_BLOCK_CAPTURE_AUTORELEASING = YES;
				CLANG_WARN_BOOL_CONVERSION = YES;
				CLANG_WARN_COMMA = YES;
				CLANG_WARN_CONSTANT_CONVERSION = YES;
				CLANG_WARN_DEPRECATED_OBJC_IMPLEMENTATIONS = YES;
				CLANG_WARN_DIRECT_OBJC_ISA_USAGE = YES_ERROR;
				CLANG_WARN_DOCUMENTATION_COMMENTS = YES;
				CLANG_WARN_EMPTY_BODY = YES;
				CLANG_WARN_ENUM_CONVERSION = YES;
				CLANG_WARN_INFINITE_RECURSION = YES;
				CLANG_WARN_INT_CONVERSION = YES;
				CLANG_WARN_NON_LITERAL_NULL_CONVERSION = YES;
				CLANG_WARN_OBJC_IMPLICIT_RETAIN_SELF = YES;
				CLANG_WARN_OBJC_LITERAL_CONVERSION = YES;
				CLANG_WARN_OBJC_ROOT_CLASS = YES_ERROR;
				CLANG_WARN_QUOTED_INCLUDE_IN_FRAMEWORK_HEADER = YES;
				CLANG_WARN_RANGE_LOOP_ANALYSIS = YES;
				CLANG_WARN_STRICT_PROTOTYPES = YES;
				CLANG_WARN_SUSPICIOUS_MOVE = YES;
				CLANG_WARN_UNGUARDED_AVAILABILITY = YES_AGGRESSIVE;
				CLANG_WARN_UNREACHABLE_CODE = YES;
				CLANG_WARN__DUPLICATE_METHOD_MATCH = YES;
				COPY_PHASE_STRIP = NO;
				DEBUG_INFORMATION_FORMAT = "dwarf-with-dsym";
				DEVELOPMENT_TEAM = B3375X82KK;
				ENABLE_NS_ASSERTIONS = NO;
				ENABLE_STRICT_OBJC_MSGSEND = YES;
				ENABLE_USER_SCRIPT_SANDBOXING = YES;
				GCC_C_LANGUAGE_STANDARD = gnu17;
				GCC_NO_COMMON_BLOCKS = YES;
				GCC_WARN_64_TO_32_BIT_CONVERSION = YES;
				GCC_WARN_ABOUT_RETURN_TYPE = YES_ERROR;
				GCC_WARN_UNDECLARED_SELECTOR = YES;
				GCC_WARN_UNINITIALIZED_AUTOS = YES_AGGRESSIVE;
				GCC_WARN_UNUSED_FUNCTION = YES;
				GCC_WARN_UNUSED_VARIABLE = YES;
				IPHONEOS_DEPLOYMENT_TARGET = 18.4;
				LOCALIZATION_PREFERS_STRING_CATALOGS = YES;
				MTL_ENABLE_DEBUG_INFO = NO;
				MTL_FAST_MATH = YES;
				SDKROOT = iphoneos;
				SWIFT_COMPILATION_MODE = wholemodule;
				VALIDATE_PRODUCT = YES;
			};
			name = Release;
		};
		B358C5C22DDBB4B30006FF1C /* Debug */ = {
			isa = XCBuildConfiguration;
			buildSettings = {
				ASSETCATALOG_COMPILER_APPICON_NAME = AppIcon;
				ASSETCATALOG_COMPILER_GLOBAL_ACCENT_COLOR_NAME = AccentColor;
				CODE_SIGN_STYLE = Automatic;
				CURRENT_PROJECT_VERSION = 1;
				DEVELOPMENT_TEAM = B3375X82KK;
				ENABLE_PREVIEWS = YES;
				GENERATE_INFOPLIST_FILE = YES;
				INFOPLIST_FILE = Beanify/Info.plist;
				INFOPLIST_KEY_LSApplicationCategoryType = "public.app-category.music";
				INFOPLIST_KEY_UIApplicationSceneManifest_Generation = YES;
				INFOPLIST_KEY_UIApplicationSupportsIndirectInputEvents = YES;
				INFOPLIST_KEY_UILaunchScreen_Generation = YES;
				INFOPLIST_KEY_UISupportedInterfaceOrientations_iPad = "UIInterfaceOrientationPortrait UIInterfaceOrientationPortraitUpsideDown UIInterfaceOrientationLandscapeLeft UIInterfaceOrientationLandscapeRight";
				INFOPLIST_KEY_UISupportedInterfaceOrientations_iPhone = "UIInterfaceOrientationPortrait UIInterfaceOrientationLandscapeLeft UIInterfaceOrientationLandscapeRight";
				IPHONEOS_DEPLOYMENT_TARGET = 15.6;
				LD_RUNPATH_SEARCH_PATHS = (
					"$(inherited)",
					"@executable_path/Frameworks",
				);
				MARKETING_VERSION = 1.0;
				PRODUCT_BUNDLE_IDENTIFIER = com.mfeituri.Beanify;
				PRODUCT_NAME = "$(TARGET_NAME)";
				SWIFT_EMIT_LOC_STRINGS = YES;
				SWIFT_VERSION = 5.0;
				TARGETED_DEVICE_FAMILY = "1,2";
			};
			name = Debug;
		};
		B358C5C32DDBB4B30006FF1C /* Release */ = {
			isa = XCBuildConfiguration;
			buildSettings = {
				ASSETCATALOG_COMPILER_APPICON_NAME = AppIcon;
				ASSETCATALOG_COMPILER_GLOBAL_ACCENT_COLOR_NAME = AccentColor;
				CODE_SIGN_STYLE = Automatic;
				CURRENT_PROJECT_VERSION = 1;
				DEVELOPMENT_TEAM = B3375X82KK;
				ENABLE_PREVIEWS = YES;
				GENERATE_INFOPLIST_FILE = YES;
				INFOPLIST_FILE = Beanify/Info.plist;
				INFOPLIST_KEY_LSApplicationCategoryType = "public.app-category.music";
				INFOPLIST_KEY_UIApplicationSceneManifest_Generation = YES;
				INFOPLIST_KEY_UIApplicationSupportsIndirectInputEvents = YES;
				INFOPLIST_KEY_UILaunchScreen_Generation = YES;
				INFOPLIST_KEY_UISupportedInterfaceOrientations_iPad = "UIInterfaceOrientationPortrait UIInterfaceOrientationPortraitUpsideDown UIInterfaceOrientationLandscapeLeft UIInterfaceOrientationLandscapeRight";
				INFOPLIST_KEY_UISupportedInterfaceOrientations_iPhone = "UIInterfaceOrientationPortrait UIInterfaceOrientationLandscapeLeft UIInterfaceOrientationLandscapeRight";
				IPHONEOS_DEPLOYMENT_TARGET = 15.6;
				LD_RUNPATH_SEARCH_PATHS = (
					"$(inherited)",
					"@executable_path/Frameworks",
				);
				MARKETING_VERSION = 1.0;
				PRODUCT_BUNDLE_IDENTIFIER = com.mfeituri.Beanify;
				PRODUCT_NAME = "$(TARGET_NAME)";
				SWIFT_EMIT_LOC_STRINGS = YES;
				SWIFT_VERSION = 5.0;
				TARGETED_DEVICE_FAMILY = "1,2";
			};
			name = Release;
		};
		B358C5C52DDBB4B30006FF1C /* Debug */ = {
			isa = XCBuildConfiguration;
			buildSettings = {
				BUNDLE_LOADER = "$(TEST_HOST)";
				CODE_SIGN_STYLE = Automatic;
				CURRENT_PROJECT_VERSION = 1;
				DEVELOPMENT_TEAM = B3375X82KK;
				GENERATE_INFOPLIST_FILE = YES;
				IPHONEOS_DEPLOYMENT_TARGET = 18.4;
				MARKETING_VERSION = 1.0;
				PRODUCT_BUNDLE_IDENTIFIER = com.mfeituri.BeanifyTests;
				PRODUCT_NAME = "$(TARGET_NAME)";
				SWIFT_EMIT_LOC_STRINGS = NO;
				SWIFT_VERSION = 5.0;
				TARGETED_DEVICE_FAMILY = "1,2";
				TEST_HOST = "$(BUILT_PRODUCTS_DIR)/Beanify.app/$(BUNDLE_EXECUTABLE_FOLDER_PATH)/Beanify";
			};
			name = Debug;
		};
		B358C5C62DDBB4B30006FF1C /* Release */ = {
			isa = XCBuildConfiguration;
			buildSettings = {
				BUNDLE_LOADER = "$(TEST_HOST)";
				CODE_SIGN_STYLE = Automatic;
				CURRENT_PROJECT_VERSION = 1;
				DEVELOPMENT_TEAM = B3375X82KK;
				GENERATE_INFOPLIST_FILE = YES;
				IPHONEOS_DEPLOYMENT_TARGET = 18.4;
				MARKETING_VERSION = 1.0;
				PRODUCT_BUNDLE_IDENTIFIER = com.mfeituri.BeanifyTests;
				PRODUCT_NAME = "$(TARGET_NAME)";
				SWIFT_EMIT_LOC_STRINGS = NO;
				SWIFT_VERSION = 5.0;
				TARGETED_DEVICE_FAMILY = "1,2";
				TEST_HOST = "$(BUILT_PRODUCTS_DIR)/Beanify.app/$(BUNDLE_EXECUTABLE_FOLDER_PATH)/Beanify";
			};
			name = Release;
		};
		B358C5C82DDBB4B30006FF1C /* Debug */ = {
			isa = XCBuildConfiguration;
			buildSettings = {
				CODE_SIGN_STYLE = Automatic;
				CURRENT_PROJECT_VERSION = 1;
				DEVELOPMENT_TEAM = B3375X82KK;
				GENERATE_INFOPLIST_FILE = YES;
				MARKETING_VERSION = 1.0;
				PRODUCT_BUNDLE_IDENTIFIER = com.mfeituri.BeanifyUITests;
				PRODUCT_NAME = "$(TARGET_NAME)";
				SWIFT_EMIT_LOC_STRINGS = NO;
				SWIFT_VERSION = 5.0;
				TARGETED_DEVICE_FAMILY = "1,2";
				TEST_TARGET_NAME = Beanify;
			};
			name = Debug;
		};
		B358C5C92DDBB4B30006FF1C /* Release */ = {
			isa = XCBuildConfiguration;
			buildSettings = {
				CODE_SIGN_STYLE = Automatic;
				CURRENT_PROJECT_VERSION = 1;
				DEVELOPMENT_TEAM = B3375X82KK;
				GENERATE_INFOPLIST_FILE = YES;
				MARKETING_VERSION = 1.0;
				PRODUCT_BUNDLE_IDENTIFIER = com.mfeituri.BeanifyUITests;
				PRODUCT_NAME = "$(TARGET_NAME)";
				SWIFT_EMIT_LOC_STRINGS = NO;
				SWIFT_VERSION = 5.0;
				TARGETED_DEVICE_FAMILY = "1,2";
				TEST_TARGET_NAME = Beanify;
			};
			name = Release;
		};
/* End XCBuildConfiguration section */

/* Begin XCConfigurationList section */
		B358C59B2DDBB4B20006FF1C /* Build configuration list for PBXProject "Beanify" */ = {
			isa = XCConfigurationList;
			buildConfigurations = (
				B358C5BF2DDBB4B30006FF1C /* Debug */,
				B358C5C02DDBB4B30006FF1C /* Release */,
			);
			defaultConfigurationIsVisible = 0;
			defaultConfigurationName = Release;
		};
		B358C5C12DDBB4B30006FF1C /* Build configuration list for PBXNativeTarget "Beanify" */ = {
			isa = XCConfigurationList;
			buildConfigurations = (
				B358C5C22DDBB4B30006FF1C /* Debug */,
				B358C5C32DDBB4B30006FF1C /* Release */,
			);
			defaultConfigurationIsVisible = 0;
			defaultConfigurationName = Release;
		};
		B358C5C42DDBB4B30006FF1C /* Build configuration list for PBXNativeTarget "BeanifyTests" */ = {
			isa = XCConfigurationList;
			buildConfigurations = (
				B358C5C52DDBB4B30006FF1C /* Debug */,
				B358C5C62DDBB4B30006FF1C /* Release */,
			);
			defaultConfigurationIsVisible = 0;
			defaultConfigurationName = Release;
		};
		B358C5C72DDBB4B30006FF1C /* Build configuration list for PBXNativeTarget "BeanifyUITests" */ = {
			isa = XCConfigurationList;
			buildConfigurations = (
				B358C5C82DDBB4B30006FF1C /* Debug */,
				B358C5C92DDBB4B30006FF1C /* Release */,
			);
			defaultConfigurationIsVisible = 0;
			defaultConfigurationName = Release;
		};
/* End XCConfigurationList section */
	};
	rootObject = B358C5982DDBB4B20006FF1C /* Project object */;
}
